
Microsoft Visual Studio Solution File, Format Version 12.00
Project("{FAE04EC0-301F-11D3-BF4B-00C04F79EFBC}") = "task 3.3", "task 3.3\task 3.3.csproj", "{7719A236-43D1-43E9-ADAD-248E980AFEE5}"
EndProject
Global
	GlobalSection(SolutionConfigurationPlatforms) = preSolution
		Debug|Any CPU = Debug|Any CPU
		Release|Any CPU = Release|Any CPU
	EndGlobalSection
	GlobalSection(ProjectConfigurationPlatforms) = postSolution
		{7719A236-43D1-43E9-ADAD-248E980AFEE5}.Debug|Any CPU.ActiveCfg = Debug|Any CPU
		{7719A236-43D1-43E9-ADAD-248E980AFEE5}.Debug|Any CPU.Build.0 = Debug|Any CPU
		{7719A236-43D1-43E9-ADAD-248E980AFEE5}.Release|Any CPU.ActiveCfg = Release|Any CPU
		{7719A236-43D1-43E9-ADAD-248E980AFEE5}.Release|Any CPU.Build.0 = Release|Any CPU
	EndGlobalSection
EndGlobal
